
Microsoft Visual Studio Solution File, Format Version 12.00
# Visual Studio Version 17
VisualStudioVersion = 17.8.34525.116
MinimumVisualStudioVersion = 10.0.40219.1
Project("{FAE04EC0-301F-11D3-BF4B-00C04F79EFBC}") = "TechGroup.API", "TechGroup.API\TechGroup.API.csproj", "{D190FEDB-3DAD-4173-92E0-064061D077ED}"
EndProject
Project("{FAE04EC0-301F-11D3-BF4B-00C04F79EFBC}") = "TechGroup.Domain", "TechGroup.Domain\TechGroup.Domain.csproj", "{5D3BAC91-DB0C-4F45-BC4D-6DB6EF6BA04F}"
EndProject
Project("{FAE04EC0-301F-11D3-BF4B-00C04F79EFBC}") = "TechGroup.Infrastructure", "TechGroup.Infrastructure\TechGroup.Infrastructure.csproj", "{34CA4A9A-EFE5-4F03-B15E-33CAE4292993}"
EndProject
Global
	GlobalSection(SolutionConfigurationPlatforms) = preSolution
		Debug|Any CPU = Debug|Any CPU
		Release|Any CPU = Release|Any CPU
	EndGlobalSection
	GlobalSection(ProjectConfigurationPlatforms) = postSolution
		{D190FEDB-3DAD-4173-92E0-064061D077ED}.Debug|Any CPU.ActiveCfg = Debug|Any CPU
		{D190FEDB-3DAD-4173-92E0-064061D077ED}.Debug|Any CPU.Build.0 = Debug|Any CPU
		{D190FEDB-3DAD-4173-92E0-064061D077ED}.Release|Any CPU.ActiveCfg = Release|Any CPU
		{D190FEDB-3DAD-4173-92E0-064061D077ED}.Release|Any CPU.Build.0 = Release|Any CPU
		{5D3BAC91-DB0C-4F45-BC4D-6DB6EF6BA04F}.Debug|Any CPU.ActiveCfg = Debug|Any CPU
		{5D3BAC91-DB0C-4F45-BC4D-6DB6EF6BA04F}.Debug|Any CPU.Build.0 = Debug|Any CPU
		{5D3BAC91-DB0C-4F45-BC4D-6DB6EF6BA04F}.Release|Any CPU.ActiveCfg = Release|Any CPU
		{5D3BAC91-DB0C-4F45-BC4D-6DB6EF6BA04F}.Release|Any CPU.Build.0 = Release|Any CPU
		{34CA4A9A-EFE5-4F03-B15E-33CAE4292993}.Debug|Any CPU.ActiveCfg = Debug|Any CPU
		{34CA4A9A-EFE5-4F03-B15E-33CAE4292993}.Debug|Any CPU.Build.0 = Debug|Any CPU
		{34CA4A9A-EFE5-4F03-B15E-33CAE4292993}.Release|Any CPU.ActiveCfg = Release|Any CPU
		{34CA4A9A-EFE5-4F03-B15E-33CAE4292993}.Release|Any CPU.Build.0 = Release|Any CPU
	EndGlobalSection
	GlobalSection(SolutionProperties) = preSolution
		HideSolutionNode = FALSE
	EndGlobalSection
	GlobalSection(ExtensibilityGlobals) = postSolution
		SolutionGuid = {72A7F4BB-A996-4D52-BE91-DCB4E8DE0CA0}
	EndGlobalSection
EndGlobal
